// !$*UTF8*$!
{
	archiveVersion = 1;
	classes = {
	};
	objectVersion = 50;
	objects = {

/* Begin PBXBuildFile section */
		EDF696C321E34F3900BCBB28 /* AppDelegate.swift in Sources */ = {isa = PBXBuildFile; fileRef = EDF696C221E34F3900BCBB28 /* AppDelegate.swift */; };
		EDF696C521E34F3900BCBB28 /* DashboardViewController.swift in Sources */ = {isa = PBXBuildFile; fileRef = EDF696C421E34F3900BCBB28 /* DashboardViewController.swift */; };
		EDF696C821E34F3900BCBB28 /* Main.storyboard in Resources */ = {isa = PBXBuildFile; fileRef = EDF696C621E34F3900BCBB28 /* Main.storyboard */; };
		EDF696CA21E34F3D00BCBB28 /* Assets.xcassets in Resources */ = {isa = PBXBuildFile; fileRef = EDF696C921E34F3D00BCBB28 /* Assets.xcassets */; };
		EDF696CD21E34F3D00BCBB28 /* LaunchScreen.storyboard in Resources */ = {isa = PBXBuildFile; fileRef = EDF696CB21E34F3D00BCBB28 /* LaunchScreen.storyboard */; };
		EDF696D821E34F3D00BCBB28 /* FinTrackerTests.swift in Sources */ = {isa = PBXBuildFile; fileRef = EDF696D721E34F3D00BCBB28 /* FinTrackerTests.swift */; };
		EDF696E321E34F3D00BCBB28 /* FinTrackerUITests.swift in Sources */ = {isa = PBXBuildFile; fileRef = EDF696E221E34F3D00BCBB28 /* FinTrackerUITests.swift */; };
/* End PBXBuildFile section */

/* Begin PBXContainerItemProxy section */
		EDF696D421E34F3D00BCBB28 /* PBXContainerItemProxy */ = {
			isa = PBXContainerItemProxy;
			containerPortal = EDF696B721E34F3900BCBB28 /* Project object */;
			proxyType = 1;
			remoteGlobalIDString = EDF696BE21E34F3900BCBB28;
			remoteInfo = FinTracker;
		};
		EDF696DF21E34F3D00BCBB28 /* PBXContainerItemProxy */ = {
			isa = PBXContainerItemProxy;
			containerPortal = EDF696B721E34F3900BCBB28 /* Project object */;
			proxyType = 1;
			remoteGlobalIDString = EDF696BE21E34F3900BCBB28;
			remoteInfo = FinTracker;
		};
/* End PBXContainerItemProxy section */

/* Begin PBXFileReference section */
		EDF696BF21E34F3900BCBB28 /* FinTracker.app */ = {isa = PBXFileReference; explicitFileType = wrapper.application; includeInIndex = 0; path = FinTracker.app; sourceTree = BUILT_PRODUCTS_DIR; };
		EDF696C221E34F3900BCBB28 /* AppDelegate.swift */ = {isa = PBXFileReference; lastKnownFileType = sourcecode.swift; path = AppDelegate.swift; sourceTree = "<group>"; };
		EDF696C421E34F3900BCBB28 /* DashboardViewController.swift */ = {isa = PBXFileReference; lastKnownFileType = sourcecode.swift; path = DashboardViewController.swift; sourceTree = "<group>"; };
		EDF696C721E34F3900BCBB28 /* Base */ = {isa = PBXFileReference; lastKnownFileType = file.storyboard; name = Base; path = Base.lproj/Main.storyboard; sourceTree = "<group>"; };
		EDF696C921E34F3D00BCBB28 /* Assets.xcassets */ = {isa = PBXFileReference; lastKnownFileType = folder.assetcatalog; path = Assets.xcassets; sourceTree = "<group>"; };
		EDF696CC21E34F3D00BCBB28 /* Base */ = {isa = PBXFileReference; lastKnownFileType = file.storyboard; name = Base; path = Base.lproj/LaunchScreen.storyboard; sourceTree = "<group>"; };
		EDF696CE21E34F3D00BCBB28 /* Info.plist */ = {isa = PBXFileReference; lastKnownFileType = text.plist.xml; path = Info.plist; sourceTree = "<group>"; };
		EDF696D321E34F3D00BCBB28 /* FinTrackerTests.xctest */ = {isa = PBXFileReference; explicitFileType = wrapper.cfbundle; includeInIndex = 0; path = FinTrackerTests.xctest; sourceTree = BUILT_PRODUCTS_DIR; };
		EDF696D721E34F3D00BCBB28 /* FinTrackerTests.swift */ = {isa = PBXFileReference; lastKnownFileType = sourcecode.swift; path = FinTrackerTests.swift; sourceTree = "<group>"; };
		EDF696D921E34F3D00BCBB28 /* Info.plist */ = {isa = PBXFileReference; lastKnownFileType = text.plist.xml; path = Info.plist; sourceTree = "<group>"; };
		EDF696DE21E34F3D00BCBB28 /* FinTrackerUITests.xctest */ = {isa = PBXFileReference; explicitFileType = wrapper.cfbundle; includeInIndex = 0; path = FinTrackerUITests.xctest; sourceTree = BUILT_PRODUCTS_DIR; };
		EDF696E221E34F3D00BCBB28 /* FinTrackerUITests.swift */ = {isa = PBXFileReference; lastKnownFileType = sourcecode.swift; path = FinTrackerUITests.swift; sourceTree = "<group>"; };
		EDF696E421E34F3D00BCBB28 /* Info.plist */ = {isa = PBXFileReference; lastKnownFileType = text.plist.xml; path = Info.plist; sourceTree = "<group>"; };
/* End PBXFileReference section */

/* Begin PBXFrameworksBuildPhase section */
		EDF696BC21E34F3900BCBB28 /* Frameworks */ = {
			isa = PBXFrameworksBuildPhase;
			buildActionMask = 2147483647;
			files = (
			);
			runOnlyForDeploymentPostprocessing = 0;
		};
		EDF696D021E34F3D00BCBB28 /* Frameworks */ = {
			isa = PBXFrameworksBuildPhase;
			buildActionMask = 2147483647;
			files = (
			);
			runOnlyForDeploymentPostprocessing = 0;
		};
		EDF696DB21E34F3D00BCBB28 /* Frameworks */ = {
			isa = PBXFrameworksBuildPhase;
			buildActionMask = 2147483647;
			files = (
			);
			runOnlyForDeploymentPostprocessing = 0;
		};
/* End PBXFrameworksBuildPhase section */

/* Begin PBXGroup section */
		EDF696B621E34F3900BCBB28 = {
			isa = PBXGroup;
			children = (
				EDF696C121E34F3900BCBB28 /* FinTracker */,
				EDF696D621E34F3D00BCBB28 /* FinTrackerTests */,
				EDF696E121E34F3D00BCBB28 /* FinTrackerUITests */,
				EDF696C021E34F3900BCBB28 /* Products */,
			);
			sourceTree = "<group>";
		};
		EDF696C021E34F3900BCBB28 /* Products */ = {
			isa = PBXGroup;
			children = (
				EDF696BF21E34F3900BCBB28 /* FinTracker.app */,
				EDF696D321E34F3D00BCBB28 /* FinTrackerTests.xctest */,
				EDF696DE21E34F3D00BCBB28 /* FinTrackerUITests.xctest */,
			);
			name = Products;
			sourceTree = "<group>";
		};
		EDF696C121E34F3900BCBB28 /* FinTracker */ = {
			isa = PBXGroup;
			children = (
				EDF696C221E34F3900BCBB28 /* AppDelegate.swift */,
				EDF696C421E34F3900BCBB28 /* DashboardViewController.swift */,
				EDF696C621E34F3900BCBB28 /* Main.storyboard */,
				EDF696C921E34F3D00BCBB28 /* Assets.xcassets */,
				EDF696CB21E34F3D00BCBB28 /* LaunchScreen.storyboard */,
				EDF696CE21E34F3D00BCBB28 /* Info.plist */,
			);
			path = FinTracker;
			sourceTree = "<group>";
		};
		EDF696D621E34F3D00BCBB28 /* FinTrackerTests */ = {
			isa = PBXGroup;
			children = (
				EDF696D721E34F3D00BCBB28 /* FinTrackerTests.swift */,
				EDF696D921E34F3D00BCBB28 /* Info.plist */,
			);
			path = FinTrackerTests;
			sourceTree = "<group>";
		};
		EDF696E121E34F3D00BCBB28 /* FinTrackerUITests */ = {
			isa = PBXGroup;
			children = (
				EDF696E221E34F3D00BCBB28 /* FinTrackerUITests.swift */,
				EDF696E421E34F3D00BCBB28 /* Info.plist */,
			);
			path = FinTrackerUITests;
			sourceTree = "<group>";
		};
/* End PBXGroup section */

/* Begin PBXNativeTarget section */
		EDF696BE21E34F3900BCBB28 /* FinTracker */ = {
			isa = PBXNativeTarget;
			buildConfigurationList = EDF696E721E34F3E00BCBB28 /* Build configuration list for PBXNativeTarget "FinTracker" */;
			buildPhases = (
				EDF696BB21E34F3900BCBB28 /* Sources */,
				EDF696BC21E34F3900BCBB28 /* Frameworks */,
				EDF696BD21E34F3900BCBB28 /* Resources */,
			);
			buildRules = (
			);
			dependencies = (
			);
			name = FinTracker;
			productName = FinTracker;
			productReference = EDF696BF21E34F3900BCBB28 /* FinTracker.app */;
			productType = "com.apple.product-type.application";
		};
		EDF696D221E34F3D00BCBB28 /* FinTrackerTests */ = {
			isa = PBXNativeTarget;
			buildConfigurationList = EDF696EA21E34F3E00BCBB28 /* Build configuration list for PBXNativeTarget "FinTrackerTests" */;
			buildPhases = (
				EDF696CF21E34F3D00BCBB28 /* Sources */,
				EDF696D021E34F3D00BCBB28 /* Frameworks */,
				EDF696D121E34F3D00BCBB28 /* Resources */,
			);
			buildRules = (
			);
			dependencies = (
				EDF696D521E34F3D00BCBB28 /* PBXTargetDependency */,
			);
			name = FinTrackerTests;
			productName = FinTrackerTests;
			productReference = EDF696D321E34F3D00BCBB28 /* FinTrackerTests.xctest */;
			productType = "com.apple.product-type.bundle.unit-test";
		};
		EDF696DD21E34F3D00BCBB28 /* FinTrackerUITests */ = {
			isa = PBXNativeTarget;
			buildConfigurationList = EDF696ED21E34F3E00BCBB28 /* Build configuration list for PBXNativeTarget "FinTrackerUITests" */;
			buildPhases = (
				EDF696DA21E34F3D00BCBB28 /* Sources */,
				EDF696DB21E34F3D00BCBB28 /* Frameworks */,
				EDF696DC21E34F3D00BCBB28 /* Resources */,
			);
			buildRules = (
			);
			dependencies = (
				EDF696E021E34F3D00BCBB28 /* PBXTargetDependency */,
			);
			name = FinTrackerUITests;
			productName = FinTrackerUITests;
			productReference = EDF696DE21E34F3D00BCBB28 /* FinTrackerUITests.xctest */;
			productType = "com.apple.product-type.bundle.ui-testing";
		};
/* End PBXNativeTarget section */

/* Begin PBXProject section */
		EDF696B721E34F3900BCBB28 /* Project object */ = {
			isa = PBXProject;
			attributes = {
				LastSwiftUpdateCheck = 1010;
				LastUpgradeCheck = 1010;
				ORGANIZATIONNAME = teamQA;
				TargetAttributes = {
					EDF696BE21E34F3900BCBB28 = {
						CreatedOnToolsVersion = 10.1;
					};
					EDF696D221E34F3D00BCBB28 = {
						CreatedOnToolsVersion = 10.1;
						TestTargetID = EDF696BE21E34F3900BCBB28;
					};
					EDF696DD21E34F3D00BCBB28 = {
						CreatedOnToolsVersion = 10.1;
						TestTargetID = EDF696BE21E34F3900BCBB28;
					};
				};
			};
			buildConfigurationList = EDF696BA21E34F3900BCBB28 /* Build configuration list for PBXProject "FinTracker" */;
			compatibilityVersion = "Xcode 9.3";
			developmentRegion = en;
			hasScannedForEncodings = 0;
			knownRegions = (
				en,
				Base,
			);
			mainGroup = EDF696B621E34F3900BCBB28;
			productRefGroup = EDF696C021E34F3900BCBB28 /* Products */;
			projectDirPath = "";
			projectRoot = "";
			targets = (
				EDF696BE21E34F3900BCBB28 /* FinTracker */,
				EDF696D221E34F3D00BCBB28 /* FinTrackerTests */,
				EDF696DD21E34F3D00BCBB28 /* FinTrackerUITests */,
			);
		};
/* End PBXProject section */

/* Begin PBXResourcesBuildPhase section */
		EDF696BD21E34F3900BCBB28 /* Resources */ = {
			isa = PBXResourcesBuildPhase;
			buildActionMask = 2147483647;
			files = (
				EDF696CD21E34F3D00BCBB28 /* LaunchScreen.storyboard in Resources */,
				EDF696CA21E34F3D00BCBB28 /* Assets.xcassets in Resources */,
				EDF696C821E34F3900BCBB28 /* Main.storyboard in Resources */,
			);
			runOnlyForDeploymentPostprocessing = 0;
		};
		EDF696D121E34F3D00BCBB28 /* Resources */ = {
			isa = PBXResourcesBuildPhase;
			buildActionMask = 2147483647;
			files = (
			);
			runOnlyForDeploymentPostprocessing = 0;
		};
		EDF696DC21E34F3D00BCBB28 /* Resources */ = {
			isa = PBXResourcesBuildPhase;
			buildActionMask = 2147483647;
			files = (
			);
			runOnlyForDeploymentPostprocessing = 0;
		};
/* End PBXResourcesBuildPhase section */

/* Begin PBXSourcesBuildPhase section */
		EDF696BB21E34F3900BCBB28 /* Sources */ = {
			isa = PBXSourcesBuildPhase;
			buildActionMask = 2147483647;
			files = (
				EDF696C521E34F3900BCBB28 /* DashboardViewController.swift in Sources */,
				EDF696C321E34F3900BCBB28 /* AppDelegate.swift in Sources */,
			);
			runOnlyForDeploymentPostprocessing = 0;
		};
		EDF696CF21E34F3D00BCBB28 /* Sources */ = {
			isa = PBXSourcesBuildPhase;
			buildActionMask = 2147483647;
			files = (
				EDF696D821E34F3D00BCBB28 /* FinTrackerTests.swift in Sources */,
			);
			runOnlyForDeploymentPostprocessing = 0;
		};
		EDF696DA21E34F3D00BCBB28 /* Sources */ = {
			isa = PBXSourcesBuildPhase;
			buildActionMask = 2147483647;
			files = (
				EDF696E321E34F3D00BCBB28 /* FinTrackerUITests.swift in Sources */,
			);
			runOnlyForDeploymentPostprocessing = 0;
		};
/* End PBXSourcesBuildPhase section */

/* Begin PBXTargetDependency section */
		EDF696D521E34F3D00BCBB28 /* PBXTargetDependency */ = {
			isa = PBXTargetDependency;
			target = EDF696BE21E34F3900BCBB28 /* FinTracker */;
			targetProxy = EDF696D421E34F3D00BCBB28 /* PBXContainerItemProxy */;
		};
		EDF696E021E34F3D00BCBB28 /* PBXTargetDependency */ = {
			isa = PBXTargetDependency;
			target = EDF696BE21E34F3900BCBB28 /* FinTracker */;
			targetProxy = EDF696DF21E34F3D00BCBB28 /* PBXContainerItemProxy */;
		};
/* End PBXTargetDependency section */

/* Begin PBXVariantGroup section */
		EDF696C621E34F3900BCBB28 /* Main.storyboard */ = {
			isa = PBXVariantGroup;
			children = (
				EDF696C721E34F3900BCBB28 /* Base */,
			);
			name = Main.storyboard;
			sourceTree = "<group>";
		};
		EDF696CB21E34F3D00BCBB28 /* LaunchScreen.storyboard */ = {
			isa = PBXVariantGroup;
			children = (
				EDF696CC21E34F3D00BCBB28 /* Base */,
			);
			name = LaunchScreen.storyboard;
			sourceTree = "<group>";
		};
/* End PBXVariantGroup section */

/* Begin XCBuildConfiguration section */
		EDF696E521E34F3D00BCBB28 /* Debug */ = {
			isa = XCBuildConfiguration;
			buildSettings = {
				ALWAYS_SEARCH_USER_PATHS = NO;
				CLANG_ANALYZER_NONNULL = YES;
				CLANG_ANALYZER_NUMBER_OBJECT_CONVERSION = YES_AGGRESSIVE;
				CLANG_CXX_LANGUAGE_STANDARD = "gnu++14";
				CLANG_CXX_LIBRARY = "libc++";
				CLANG_ENABLE_MODULES = YES;
				CLANG_ENABLE_OBJC_ARC = YES;
				CLANG_ENABLE_OBJC_WEAK = YES;
				CLANG_WARN_BLOCK_CAPTURE_AUTORELEASING = YES;
				CLANG_WARN_BOOL_CONVERSION = YES;
				CLANG_WARN_COMMA = YES;
				CLANG_WARN_CONSTANT_CONVERSION = YES;
				CLANG_WARN_DEPRECATED_OBJC_IMPLEMENTATIONS = YES;
				CLANG_WARN_DIRECT_OBJC_ISA_USAGE = YES_ERROR;
				CLANG_WARN_DOCUMENTATION_COMMENTS = YES;
				CLANG_WARN_EMPTY_BODY = YES;
				CLANG_WARN_ENUM_CONVERSION = YES;
				CLANG_WARN_INFINITE_RECURSION = YES;
				CLANG_WARN_INT_CONVERSION = YES;
				CLANG_WARN_NON_LITERAL_NULL_CONVERSION = YES;
				CLANG_WARN_OBJC_IMPLICIT_RETAIN_SELF = YES;
				CLANG_WARN_OBJC_LITERAL_CONVERSION = YES;
				CLANG_WARN_OBJC_ROOT_CLASS = YES_ERROR;
				CLANG_WARN_RANGE_LOOP_ANALYSIS = YES;
				CLANG_WARN_STRICT_PROTOTYPES = YES;
				CLANG_WARN_SUSPICIOUS_MOVE = YES;
				CLANG_WARN_UNGUARDED_AVAILABILITY = YES_AGGRESSIVE;
				CLANG_WARN_UNREACHABLE_CODE = YES;
				CLANG_WARN__DUPLICATE_METHOD_MATCH = YES;
				CODE_SIGN_IDENTITY = "iPhone Developer";
				COPY_PHASE_STRIP = NO;
				DEBUG_INFORMATION_FORMAT = dwarf;
				ENABLE_STRICT_OBJC_MSGSEND = YES;
				ENABLE_TESTABILITY = YES;
				GCC_C_LANGUAGE_STANDARD = gnu11;
				GCC_DYNAMIC_NO_PIC = NO;
				GCC_NO_COMMON_BLOCKS = YES;
				GCC_OPTIMIZATION_LEVEL = 0;
				GCC_PREPROCESSOR_DEFINITIONS = (
					"DEBUG=1",
					"$(inherited)",
				);
				GCC_WARN_64_TO_32_BIT_CONVERSION = YES;
				GCC_WARN_ABOUT_RETURN_TYPE = YES_ERROR;
				GCC_WARN_UNDECLARED_SELECTOR = YES;
				GCC_WARN_UNINITIALIZED_AUTOS = YES_AGGRESSIVE;
				GCC_WARN_UNUSED_FUNCTION = YES;
				GCC_WARN_UNUSED_VARIABLE = YES;
				IPHONEOS_DEPLOYMENT_TARGET = 12.1;
				MTL_ENABLE_DEBUG_INFO = INCLUDE_SOURCE;
				MTL_FAST_MATH = YES;
				ONLY_ACTIVE_ARCH = YES;
				SDKROOT = iphoneos;
				SWIFT_ACTIVE_COMPILATION_CONDITIONS = DEBUG;
				SWIFT_OPTIMIZATION_LEVEL = "-Onone";
			};
			name = Debug;
		};
		EDF696E621E34F3D00BCBB28 /* Release */ = {
			isa = XCBuildConfiguration;
			buildSettings = {
				ALWAYS_SEARCH_USER_PATHS = NO;
				CLANG_ANALYZER_NONNULL = YES;
				CLANG_ANALYZER_NUMBER_OBJECT_CONVERSION = YES_AGGRESSIVE;
				CLANG_CXX_LANGUAGE_STANDARD = "gnu++14";
				CLANG_CXX_LIBRARY = "libc++";
				CLANG_ENABLE_MODULES = YES;
				CLANG_ENABLE_OBJC_ARC = YES;
				CLANG_ENABLE_OBJC_WEAK = YES;
				CLANG_WARN_BLOCK_CAPTURE_AUTORELEASING = YES;
				CLANG_WARN_BOOL_CONVERSION = YES;
				CLANG_WARN_COMMA = YES;
				CLANG_WARN_CONSTANT_CONVERSION = YES;
				CLANG_WARN_DEPRECATED_OBJC_IMPLEMENTATIONS = YES;
				CLANG_WARN_DIRECT_OBJC_ISA_USAGE = YES_ERROR;
				CLANG_WARN_DOCUMENTATION_COMMENTS = YES;
				CLANG_WARN_EMPTY_BODY = YES;
				CLANG_WARN_ENUM_CONVERSION = YES;
				CLANG_WARN_INFINITE_RECURSION = YES;
				CLANG_WARN_INT_CONVERSION = YES;
				CLANG_WARN_NON_LITERAL_NULL_CONVERSION = YES;
				CLANG_WARN_OBJC_IMPLICIT_RETAIN_SELF = YES;
				CLANG_WARN_OBJC_LITERAL_CONVERSION = YES;
				CLANG_WARN_OBJC_ROOT_CLASS = YES_ERROR;
				CLANG_WARN_RANGE_LOOP_ANALYSIS = YES;
				CLANG_WARN_STRICT_PROTOTYPES = YES;
				CLANG_WARN_SUSPICIOUS_MOVE = YES;
				CLANG_WARN_UNGUARDED_AVAILABILITY = YES_AGGRESSIVE;
				CLANG_WARN_UNREACHABLE_CODE = YES;
				CLANG_WARN__DUPLICATE_METHOD_MATCH = YES;
				CODE_SIGN_IDENTITY = "iPhone Developer";
				COPY_PHASE_STRIP = NO;
				DEBUG_INFORMATION_FORMAT = "dwarf-with-dsym";
				ENABLE_NS_ASSERTIONS = NO;
				ENABLE_STRICT_OBJC_MSGSEND = YES;
				GCC_C_LANGUAGE_STANDARD = gnu11;
				GCC_NO_COMMON_BLOCKS = YES;
				GCC_WARN_64_TO_32_BIT_CONVERSION = YES;
				GCC_WARN_ABOUT_RETURN_TYPE = YES_ERROR;
				GCC_WARN_UNDECLARED_SELECTOR = YES;
				GCC_WARN_UNINITIALIZED_AUTOS = YES_AGGRESSIVE;
				GCC_WARN_UNUSED_FUNCTION = YES;
				GCC_WARN_UNUSED_VARIABLE = YES;
				IPHONEOS_DEPLOYMENT_TARGET = 12.1;
				MTL_ENABLE_DEBUG_INFO = NO;
				MTL_FAST_MATH = YES;
				SDKROOT = iphoneos;
				SWIFT_COMPILATION_MODE = wholemodule;
				SWIFT_OPTIMIZATION_LEVEL = "-O";
				VALIDATE_PRODUCT = YES;
			};
			name = Release;
		};
		EDF696E821E34F3E00BCBB28 /* Debug */ = {
			isa = XCBuildConfiguration;
			buildSettings = {
				ASSETCATALOG_COMPILER_APPICON_NAME = AppIcon;
				CODE_SIGN_STYLE = Automatic;
				DEVELOPMENT_TEAM = 9RAGLMN869;
				INFOPLIST_FILE = FinTracker/Info.plist;
				LD_RUNPATH_SEARCH_PATHS = (
					"$(inherited)",
					"@executable_path/Frameworks",
				);
				PRODUCT_BUNDLE_IDENTIFIER = com.teamqa.FinTracker;
				PRODUCT_NAME = "$(TARGET_NAME)";
				SWIFT_VERSION = 4.2;
				TARGETED_DEVICE_FAMILY = "1,2";
			};
			name = Debug;
		};
		EDF696E921E34F3E00BCBB28 /* Release */ = {
			isa = XCBuildConfiguration;
			buildSettings = {
				ASSETCATALOG_COMPILER_APPICON_NAME = AppIcon;
				CODE_SIGN_STYLE = Automatic;
				DEVELOPMENT_TEAM = 9RAGLMN869;
				INFOPLIST_FILE = FinTracker/Info.plist;
				LD_RUNPATH_SEARCH_PATHS = (
					"$(inherited)",
					"@executable_path/Frameworks",
				);
				PRODUCT_BUNDLE_IDENTIFIER = com.teamqa.FinTracker;
				PRODUCT_NAME = "$(TARGET_NAME)";
				SWIFT_VERSION = 4.2;
				TARGETED_DEVICE_FAMILY = "1,2";
			};
			name = Release;
		};
		EDF696EB21E34F3E00BCBB28 /* Debug */ = {
			isa = XCBuildConfiguration;
			buildSettings = {
				ALWAYS_EMBED_SWIFT_STANDARD_LIBRARIES = YES;
				BUNDLE_LOADER = "$(TEST_HOST)";
				CODE_SIGN_STYLE = Automatic;
				INFOPLIST_FILE = FinTrackerTests/Info.plist;
				LD_RUNPATH_SEARCH_PATHS = (
					"$(inherited)",
					"@executable_path/Frameworks",
					"@loader_path/Frameworks",
				);
				PRODUCT_BUNDLE_IDENTIFIER = com.teamqa.FinTrackerTests;
				PRODUCT_NAME = "$(TARGET_NAME)";
				SWIFT_VERSION = 4.2;
				TARGETED_DEVICE_FAMILY = "1,2";
				TEST_HOST = "$(BUILT_PRODUCTS_DIR)/FinTracker.app/FinTracker";
			};
			name = Debug;
		};
		EDF696EC21E34F3E00BCBB28 /* Release */ = {
			isa = XCBuildConfiguration;
			buildSettings = {
				ALWAYS_EMBED_SWIFT_STANDARD_LIBRARIES = YES;
				BUNDLE_LOADER = "$(TEST_HOST)";
				CODE_SIGN_STYLE = Automatic;
				INFOPLIST_FILE = FinTrackerTests/Info.plist;
				LD_RUNPATH_SEARCH_PATHS = (
					"$(inherited)",
					"@executable_path/Frameworks",
					"@loader_path/Frameworks",
				);
				PRODUCT_BUNDLE_IDENTIFIER = com.teamqa.FinTrackerTests;
				PRODUCT_NAME = "$(TARGET_NAME)";
				SWIFT_VERSION = 4.2;
				TARGETED_DEVICE_FAMILY = "1,2";
				TEST_HOST = "$(BUILT_PRODUCTS_DIR)/FinTracker.app/FinTracker";
			};
			name = Release;
		};
		EDF696EE21E34F3E00BCBB28 /* Debug */ = {
			isa = XCBuildConfiguration;
			buildSettings = {
				ALWAYS_EMBED_SWIFT_STANDARD_LIBRARIES = YES;
				CODE_SIGN_STYLE = Automatic;
				INFOPLIST_FILE = FinTrackerUITests/Info.plist;
				LD_RUNPATH_SEARCH_PATHS = (
					"$(inherited)",
					"@executable_path/Frameworks",
					"@loader_path/Frameworks",
				);
				PRODUCT_BUNDLE_IDENTIFIER = com.teamqa.FinTrackerUITests;
				PRODUCT_NAME = "$(TARGET_NAME)";
				SWIFT_VERSION = 4.2;
				TARGETED_DEVICE_FAMILY = "1,2";
				TEST_TARGET_NAME = FinTracker;
			};
			name = Debug;
		};
		EDF696EF21E34F3E00BCBB28 /* Release */ = {
			isa = XCBuildConfiguration;
			buildSettings = {
				ALWAYS_EMBED_SWIFT_STANDARD_LIBRARIES = YES;
				CODE_SIGN_STYLE = Automatic;
				INFOPLIST_FILE = FinTrackerUITests/Info.plist;
				LD_RUNPATH_SEARCH_PATHS = (
					"$(inherited)",
					"@executable_path/Frameworks",
					"@loader_path/Frameworks",
				);
				PRODUCT_BUNDLE_IDENTIFIER = com.teamqa.FinTrackerUITests;
				PRODUCT_NAME = "$(TARGET_NAME)";
				SWIFT_VERSION = 4.2;
				TARGETED_DEVICE_FAMILY = "1,2";
				TEST_TARGET_NAME = FinTracker;
			};
			name = Release;
		};
/* End XCBuildConfiguration section */

/* Begin XCConfigurationList section */
		EDF696BA21E34F3900BCBB28 /* Build configuration list for PBXProject "FinTracker" */ = {
			isa = XCConfigurationList;
			buildConfigurations = (
				EDF696E521E34F3D00BCBB28 /* Debug */,
				EDF696E621E34F3D00BCBB28 /* Release */,
			);
			defaultConfigurationIsVisible = 0;
			defaultConfigurationName = Release;
		};
		EDF696E721E34F3E00BCBB28 /* Build configuration list for PBXNativeTarget "FinTracker" */ = {
			isa = XCConfigurationList;
			buildConfigurations = (
				EDF696E821E34F3E00BCBB28 /* Debug */,
				EDF696E921E34F3E00BCBB28 /* Release */,
			);
			defaultConfigurationIsVisible = 0;
			defaultConfigurationName = Release;
		};
		EDF696EA21E34F3E00BCBB28 /* Build configuration list for PBXNativeTarget "FinTrackerTests" */ = {
			isa = XCConfigurationList;
			buildConfigurations = (
				EDF696EB21E34F3E00BCBB28 /* Debug */,
				EDF696EC21E34F3E00BCBB28 /* Release */,
			);
			defaultConfigurationIsVisible = 0;
			defaultConfigurationName = Release;
		};
		EDF696ED21E34F3E00BCBB28 /* Build configuration list for PBXNativeTarget "FinTrackerUITests" */ = {
			isa = XCConfigurationList;
			buildConfigurations = (
				EDF696EE21E34F3E00BCBB28 /* Debug */,
				EDF696EF21E34F3E00BCBB28 /* Release */,
			);
			defaultConfigurationIsVisible = 0;
			defaultConfigurationName = Release;
		};
/* End XCConfigurationList section */
	};
	rootObject = EDF696B721E34F3900BCBB28 /* Project object */;
}
